{
  "name": "gulp-start",
  "version": "1.0.0",
  "lockfileVersion": 1,
  "requires": true,
  "dependencies": {
    "focus-visible": {
      "version": "5.2.0",
      "resolved": "https://registry.npmjs.org/focus-visible/-/focus-visible-5.2.0.tgz",
      "integrity": "sha512-Rwix9pBtC1Nuy5wysTmKy+UjbDJpIfg8eHjw0rjZ1mX4GNLz1Bmd16uDpI3Gk1i70Fgcs8Csg2lPm8HULFg9DQ=="
    }
  }
}
